# This file is automatically @generated by Cargo.
# It is not intended for manual editing.
version = 4

[[package]]
name = "mixctl-cli"
version = "0.1.0"
dependencies = [
 "mixctl-core",
]

[[package]]
name = "mixctl-core"
version = "0.1.0"

[[package]]
name = "mixctl-daemon"
version = "0.1.0"
dependencies = [
 "mixctl-core",
]

[[package]]
name = "mixctl-probe"
version = "0.1.0"
dependencies = [
 "mixctl-core",
]
